
Microsoft Visual Studio Solution File, Format Version 12.00
# Visual Studio Version 16
VisualStudioVersion = 16.0.31105.61
MinimumVisualStudioVersion = 10.0.40219.1
Project("{8BC9CEB8-8B4A-11D0-8D11-00A0C91BC942}") = "Sandbox", "Sandbox/Sandbox.vcxproj", "{40A72990-561E-4CE1-B6A2-12599AE40E4C}"
EndProject
Project("{8BC9CEB8-8B4A-11D0-8D11-00A0C91BC942}") = "MoanaEngine", "MoanaEngine/MoanaEngine.vcxproj", "{7B9BD37B-A818-4A31-BBC5-D8992250B5C7}"
EndProject
Global
	GlobalSection(SolutionConfigurationPlatforms) = preSolution
		Debug|x64 = Debug|x64
		Release|x64 = Release|x64
	EndGlobalSection
	GlobalSection(ProjectConfigurationPlatforms) = postSolution
		{7B9BD37B-A818-4A31-BBC5-D8992250B5C7}.Debug|x64.ActiveCfg = Debug|x64
		{7B9BD37B-A818-4A31-BBC5-D8992250B5C7}.Debug|x64.Build.0 = Debug|x64
		{7B9BD37B-A818-4A31-BBC5-D8992250B5C7}.Release|x64.ActiveCfg = Release|x64
		{7B9BD37B-A818-4A31-BBC5-D8992250B5C7}.Release|x64.Build.0 = Release|x64
		{40A72990-561E-4CE1-B6A2-12599AE40E4C}.Debug|x64.ActiveCfg = Debug|x64
		{40A72990-561E-4CE1-B6A2-12599AE40E4C}.Debug|x64.Build.0 = Debug|x64
		{40A72990-561E-4CE1-B6A2-12599AE40E4C}.Release|x64.ActiveCfg = Release|x64
		{40A72990-561E-4CE1-B6A2-12599AE40E4C}.Release|x64.Build.0 = Release|x64
	EndGlobalSection
	GlobalSection(SolutionProperties) = preSolution
		HideSolutionNode = FALSE
	EndGlobalSection
	GlobalSection(ExtensibilityGlobals) = postSolution
		SolutionGuid = {95F1571C-C1EE-47FC-85A1-DE442D3B4D4A}
	EndGlobalSection
EndGlobal
