<?xml version="1.0" encoding="utf-8"?>
<Project ToolsVersion="4.0" xmlns="http://schemas.microsoft.com/developer/msbuild/2003">
  <ItemGroup>
    <ClInclude Include="..\MoanaEngine\Moana.h" />
    <ClInclude Include="..\MoanaEngine\MoanaApplication\Core.h" />
    <ClInclude Include="..\MoanaEngine\MoanaApplication\EntryPoint.h" />
    <ClInclude Include="..\MoanaEngine\MoanaApplication\MoanaApplication.h" />
    <ClInclude Include="MoanaApplication\Logger.h" />
    <ClInclude Include="Events\EventSystem.h" />
    <ClInclude Include="Events\KeyEvents.h" />
    <ClInclude Include="Events\AppEvents.h" />
    <ClInclude Include="Events\MouseEvents.h" />
  </ItemGroup>
  <ItemGroup>
    <ClCompile Include="..\MoanaEngine\MoanaApplication\MoanaApplication.cpp" />
    <ClCompile Include="MoanaApplication\Logger.cpp" />
  </ItemGroup>
</Project>